<?xml version="1.0" encoding="utf-8"?>
<Project ToolsVersion="4.0" xmlns="http://schemas.microsoft.com/developer/msbuild/2003">
  <ItemGroup>
    <Filter Include="Source Files">
      <UniqueIdentifier>{4FC737F1-C7A5-4376-A066-2A32D752A2FF}</UniqueIdentifier>
      <Extensions>cpp;c;cc;cxx;def;odl;idl;hpj;bat;asm;asmx</Extensions>
    </Filter>
    <Filter Include="Header Files">
      <UniqueIdentifier>{93995380-89BD-4b04-88EB-625FBE52EBFB}</UniqueIdentifier>
      <Extensions>h;hh;hpp;hxx;hm;inl;inc;xsd</Extensions>
    </Filter>
    <Filter Include="Resource Files">
      <UniqueIdentifier>{67DA6AB6-F800-4c08-8B7A-83BB121AAD01}</UniqueIdentifier>
      <Extensions>rc;ico;cur;bmp;dlg;rc2;rct;bin;rgs;gif;jpg;jpeg;jpe;resx;tiff;tif;png;wav;mfcribbon-ms</Extensions>
    </Filter>
    <Filter Include="Source Files\Dice">
      <UniqueIdentifier>{4172c4a8-20ac-4005-b8bd-ef94f6d173b5}</UniqueIdentifier>
    </Filter>
    <Filter Include="Source Files\Maps">
      <UniqueIdentifier>{1c30641b-1c6f-4d02-8b94-95809472c309}</UniqueIdentifier>
    </Filter>
    <Filter Include="Source Files\Tokens">
      <UniqueIdentifier>{1cd431c7-176f-4f9e-b085-120870397675}</UniqueIdentifier>
    </Filter>
    <Filter Include="Source Files\Players">
      <UniqueIdentifier>{9cf57e60-dcfb-4743-afcb-eaf1a355ddaa}</UniqueIdentifier>
    </Filter>
    <Filter Include="Source Files\GameField">
      <UniqueIdentifier>{35e63d31-53c2-43e1-b4da-b7235006be9d}</UniqueIdentifier>
    </Filter>
    <Filter Include="Source Files\PlayGame">
      <UniqueIdentifier>{f3d86f05-2548-4937-b883-611439e92dae}</UniqueIdentifier>
    </Filter>
    <Filter Include="Source Files\TurnMarker">
      <UniqueIdentifier>{3bdb20d5-d3d8-496a-b112-cfe2fb6e2286}</UniqueIdentifier>
    </Filter>
  </ItemGroup>
  <ItemGroup>
    <ClInclude Include="Headers\Dice.h">
      <Filter>Header Files</Filter>
    </ClInclude>
    <ClInclude Include="Headers\Game.h">
      <Filter>Header Files</Filter>
    </ClInclude>
    <ClInclude Include="Headers\Map.h">
      <Filter>Header Files</Filter>
    </ClInclude>
    <ClInclude Include="Headers\MapRegion.h">
      <Filter>Header Files</Filter>
    </ClInclude>
    <ClInclude Include="Headers\Players.h">
      <Filter>Header Files</Filter>
    </ClInclude>
    <ClInclude Include="Headers\Tokens.h">
      <Filter>Header Files</Filter>
    </ClInclude>
    <ClInclude Include="Headers\PlayGame.h">
      <Filter>Header Files</Filter>
    </ClInclude>
    <ClInclude Include="Headers\TurnMarker.h">
      <Filter>Header Files</Filter>
    </ClInclude>
  </ItemGroup>
  <ItemGroup>
    <ClCompile Include="Dice\Dice.cpp">
      <Filter>Source Files\Dice</Filter>
    </ClCompile>
    <ClCompile Include="Dice\DiceRollerDriver.cpp">
      <Filter>Source Files\Dice</Filter>
    </ClCompile>
    <ClCompile Include="Dice\DieRoller.cpp">
      <Filter>Source Files\Dice</Filter>
    </ClCompile>
    <ClCompile Include="Gamefield\CoinBank.cpp">
      <Filter>Source Files\GameField</Filter>
    </ClCompile>
    <ClCompile Include="Gamefield\RacePicker.cpp">
      <Filter>Source Files\GameField</Filter>
    </ClCompile>
    <ClCompile Include="Map\Map.cpp">
      <Filter>Source Files\Maps</Filter>
    </ClCompile>
    <ClCompile Include="Map\MapDriver.cpp">
      <Filter>Source Files\Maps</Filter>
    </ClCompile>
    <ClCompile Include="Map\MapRegion.cpp">
      <Filter>Source Files\Maps</Filter>
    </ClCompile>
    <ClCompile Include="Players\Player.cpp">
      <Filter>Source Files\Players</Filter>
    </ClCompile>
    <ClCompile Include="Players\PlayerDriver.cpp">
      <Filter>Source Files\Players</Filter>
    </ClCompile>
    <ClCompile Include="Tokens\GamePiece.cpp">
      <Filter>Source Files\Tokens</Filter>
    </ClCompile>
    <ClCompile Include="Tokens\LostTribeToken.cpp">
      <Filter>Source Files\Tokens</Filter>
    </ClCompile>
    <ClCompile Include="Tokens\PowerBadge.cpp">
      <Filter>Source Files\Tokens</Filter>
    </ClCompile>
    <ClCompile Include="Tokens\PowerBadgeDeck.cpp">
      <Filter>Source Files\Tokens</Filter>
    </ClCompile>
    <ClCompile Include="Tokens\RaceBanner.cpp">
      <Filter>Source Files\Tokens</Filter>
    </ClCompile>
    <ClCompile Include="Tokens\RaceBannerDeck.cpp">
      <Filter>Source Files\Tokens</Filter>
    </ClCompile>
    <ClCompile Include="Tokens\RaceToken.cpp">
      <Filter>Source Files\Tokens</Filter>
    </ClCompile>
    <ClCompile Include="Tokens\Token.cpp">
      <Filter>Source Files\Tokens</Filter>
    </ClCompile>
    <ClCompile Include="Tokens\TokensDriver.cpp">
      <Filter>Source Files\Tokens</Filter>
    </ClCompile>
    <ClCompile Include="Tokens\VictoryCoin.cpp">
      <Filter>Source Files\Tokens</Filter>
    </ClCompile>
    <ClCompile Include="PlayGame\PlayGame.cpp">
      <Filter>Source Files\PlayGame</Filter>
    </ClCompile>
    <ClCompile Include="PlayGame\PlayGameDriver.cpp">
      <Filter>Source Files\PlayGame</Filter>
    </ClCompile>
    <ClCompile Include="TurnMarker\TurnMarker.cpp">
      <Filter>Source Files\TurnMarker</Filter>
    </ClCompile>
    <ClCompile Include="Players\ScoringDriver.cpp">
      <Filter>Source Files\Players</Filter>
    </ClCompile>
    <ClCompile Include="Gamefield\TokenWell.cpp">
      <Filter>Source Files\GameField</Filter>
    </ClCompile>
  </ItemGroup>
</Project>